
Microsoft Visual Studio Solution File, Format Version 12.00
# Visual Studio 15
VisualStudioVersion = 15.0.26430.16
MinimumVisualStudioVersion = 10.0.40219.1
Project("{FAE04EC0-301F-11D3-BF4B-00C04F79EFBC}") = "convert-fiatToCrypto-viceVersa-api", "convert-fiatToCrypto-viceVersa-api\convert-fiatToCrypto-viceVersa-api.csproj", "{97006356-4BE2-4F14-A20C-809CCF3DC7E1}"
EndProject
Project("{FAE04EC0-301F-11D3-BF4B-00C04F79EFBC}") = "Restful API for conversion", "Restful API for conversion\Restful API for conversion.csproj", "{5B625D53-3629-454A-9A80-D19FF19A6B9C}"
EndProject
Global
	GlobalSection(SolutionConfigurationPlatforms) = preSolution
		Debug|Any CPU = Debug|Any CPU
		Release|Any CPU = Release|Any CPU
	EndGlobalSection
	GlobalSection(ProjectConfigurationPlatforms) = postSolution
		{97006356-4BE2-4F14-A20C-809CCF3DC7E1}.Debug|Any CPU.ActiveCfg = Debug|Any CPU
		{97006356-4BE2-4F14-A20C-809CCF3DC7E1}.Debug|Any CPU.Build.0 = Debug|Any CPU
		{97006356-4BE2-4F14-A20C-809CCF3DC7E1}.Release|Any CPU.ActiveCfg = Release|Any CPU
		{97006356-4BE2-4F14-A20C-809CCF3DC7E1}.Release|Any CPU.Build.0 = Release|Any CPU
		{5B625D53-3629-454A-9A80-D19FF19A6B9C}.Debug|Any CPU.ActiveCfg = Debug|Any CPU
		{5B625D53-3629-454A-9A80-D19FF19A6B9C}.Debug|Any CPU.Build.0 = Debug|Any CPU
		{5B625D53-3629-454A-9A80-D19FF19A6B9C}.Release|Any CPU.ActiveCfg = Release|Any CPU
		{5B625D53-3629-454A-9A80-D19FF19A6B9C}.Release|Any CPU.Build.0 = Release|Any CPU
	EndGlobalSection
	GlobalSection(SolutionProperties) = preSolution
		HideSolutionNode = FALSE
	EndGlobalSection
	GlobalSection(ExtensibilityGlobals) = postSolution
		SolutionGuid = {236E8423-42D8-4295-A8C6-880079E57391}
	EndGlobalSection
EndGlobal
